
Microsoft Visual Studio Solution File, Format Version 12.00
# Visual Studio 14
VisualStudioVersion = 14.0.22609.0
MinimumVisualStudioVersion = 10.0.40219.1
Project("{FAE04EC0-301F-11D3-BF4B-00C04F79EFBC}") = "Dump", "Dump\Dump.csproj", "{A8180071-9D35-4519-BE95-F9963421FAFA}"
EndProject
Project("{FAE04EC0-301F-11D3-BF4B-00C04F79EFBC}") = "DumpTester", "DumpTester\DumpTester.csproj", "{6E04A606-E848-4D9F-910C-A9A00CBB0DB5}"
EndProject
Global
	GlobalSection(SolutionConfigurationPlatforms) = preSolution
		Debug|Any CPU = Debug|Any CPU
		Release|Any CPU = Release|Any CPU
	EndGlobalSection
	GlobalSection(ProjectConfigurationPlatforms) = postSolution
		{A8180071-9D35-4519-BE95-F9963421FAFA}.Debug|Any CPU.ActiveCfg = Debug|Any CPU
		{A8180071-9D35-4519-BE95-F9963421FAFA}.Debug|Any CPU.Build.0 = Debug|Any CPU
		{A8180071-9D35-4519-BE95-F9963421FAFA}.Release|Any CPU.ActiveCfg = Release|Any CPU
		{A8180071-9D35-4519-BE95-F9963421FAFA}.Release|Any CPU.Build.0 = Release|Any CPU
		{6E04A606-E848-4D9F-910C-A9A00CBB0DB5}.Debug|Any CPU.ActiveCfg = Debug|Any CPU
		{6E04A606-E848-4D9F-910C-A9A00CBB0DB5}.Debug|Any CPU.Build.0 = Debug|Any CPU
		{6E04A606-E848-4D9F-910C-A9A00CBB0DB5}.Release|Any CPU.ActiveCfg = Release|Any CPU
		{6E04A606-E848-4D9F-910C-A9A00CBB0DB5}.Release|Any CPU.Build.0 = Release|Any CPU
	EndGlobalSection
	GlobalSection(SolutionProperties) = preSolution
		HideSolutionNode = FALSE
	EndGlobalSection
EndGlobal
